
Microsoft Visual Studio Solution File, Format Version 12.00
# Visual Studio Version 17
VisualStudioVersion = 17.3.32922.545
MinimumVisualStudioVersion = 10.0.40219.1
Project("{FAE04EC0-301F-11D3-BF4B-00C04F79EFBC}") = "LibraryLINQ", "Library LINQ database practice\LibraryLINQ.csproj", "{2B7CD852-8580-4D06-82A6-84195B529C8D}"
EndProject
Global
	GlobalSection(SolutionConfigurationPlatforms) = preSolution
		Debug|Any CPU = Debug|Any CPU
		Release|Any CPU = Release|Any CPU
	EndGlobalSection
	GlobalSection(ProjectConfigurationPlatforms) = postSolution
		{2B7CD852-8580-4D06-82A6-84195B529C8D}.Debug|Any CPU.ActiveCfg = Debug|Any CPU
		{2B7CD852-8580-4D06-82A6-84195B529C8D}.Debug|Any CPU.Build.0 = Debug|Any CPU
		{2B7CD852-8580-4D06-82A6-84195B529C8D}.Release|Any CPU.ActiveCfg = Release|Any CPU
		{2B7CD852-8580-4D06-82A6-84195B529C8D}.Release|Any CPU.Build.0 = Release|Any CPU
	EndGlobalSection
	GlobalSection(SolutionProperties) = preSolution
		HideSolutionNode = FALSE
	EndGlobalSection
	GlobalSection(ExtensibilityGlobals) = postSolution
		SolutionGuid = {4673F3A2-0D77-4968-9159-168B2EC7DCF9}
	EndGlobalSection
EndGlobal
